{
    "hash": "5157444bace98a702ad04ac98beb42c8",
    "packages": [
        {
            "name": "symfony/console",
            "version": "2.1.x-dev",
            "target-dir": "Symfony/Component/Console",
            "source": {
                "type": "git",
                "url": "https://github.com/symfony/Console",
                "reference": "b52c747c551d8d71c02e17853c8f637d8d5e9cef"
            },
            "dist": {
                "type": "zip",
                "url": "https://github.com/symfony/Console/zipball/b52c747c551d8d71c02e17853c8f637d8d5e9cef",
                "reference": "b52c747c551d8d71c02e17853c8f637d8d5e9cef",
                "shasum": ""
            },
            "require": {
                "php": ">=5.3.3"
            },
            "time": "1350717030",
            "type": "library",
            "extra": {
                "branch-alias": {
                    "dev-master": "2.1-dev"
                }
            },
            "installation-source": "source",
            "autoload": {
                "psr-0": {
                    "Symfony\\Component\\Console": ""
                }
            },
            "license": [
                "MIT"
            ],
            "authors": [
                {
                    "name": "Fabien Potencier",
                    "email": "fabien@symfony.com"
                },
                {
                    "name": "Symfony Community",
                    "homepage": "http://symfony.com/contributors"
                }
            ],
            "description": "Symfony Console Component",
            "homepage": "http://symfony.com"
        }
    ],
    "packages-dev": null,
    "aliases": [

    ],
    "minimum-stability": "dev",
    "stability-flags": [

    ]
}
